PODS:
  - BigInt (5.2.0)
  - Torus-fetchNodeDetails (6.0.3):
    - BigInt (~> 5.2.0)

DEPENDENCIES:
  - Torus-fetchNodeDetails (from `../`)

SPEC REPOS:
  trunk:
    - BigInt

EXTERNAL SOURCES:
  Torus-fetchNodeDetails:
    :path: "../"

SPEC CHECKSUMS:
  BigInt: f668a80089607f521586bbe29513d708491ef2f7
  Torus-fetchNodeDetails: 6c349f47cbca36a4b3f276fe26d03c1b39b20949

PODFILE CHECKSUM: 33add72342a492adb43676625c404c97ced731da

COCOAPODS: 1.15.2
