PODS:
  - BestLogger (0.0.3)
  - BigInt (5.0.0)
  - GenericJSON (2.0.1)
  - PromiseKit/CorePromise (6.15.3)
  - PromiseKit/Foundation (6.15.3):
    - PromiseKit/CorePromise
  - secp256k1.swift (0.1.4)
  - Torus-fetchNodeDetails (0.1.1):
    - BestLogger (~> 0.0.1)
    - PromiseKit/Foundation (~> 6.0)
    - web3.swift (~> 0.7.0)
  - web3.swift (0.7.2):
    - BigInt (~> 5.0.0)
    - GenericJSON (~> 2.0)
    - secp256k1.swift (~> 0.1)

DEPENDENCIES:
  - Torus-fetchNodeDetails (from `../`)

SPEC REPOS:
  trunk:
    - BestLogger
    - BigInt
    - GenericJSON
    - PromiseKit
    - secp256k1.swift
    - web3.swift

EXTERNAL SOURCES:
  Torus-fetchNodeDetails:
    :path: "../"

SPEC CHECKSUMS:
  BestLogger: 70475db073dfab3ec1ba9b58b0bb78126b068eee
  BigInt: 74b4d88367b0e819d9f77393549226d36faeb0d8
  GenericJSON: a6e74e2c457f8693caab08e0eafde7d97e6666de
  PromiseKit: 3b2b6995e51a954c46dbc550ce3da44fbfb563c5
  secp256k1.swift: a7e7a214f6db6ce5db32cc6b2b45e5c4dd633634
  Torus-fetchNodeDetails: ab0010f11656cf1bad384869f689698e4d4027e8
  web3.swift: 480dd988a93763213b4446da11cd73c39081505b

PODFILE CHECKSUM: ae115860d812085e4fb442de1977a1a1e8bd0c93

COCOAPODS: 1.10.1
