PODS:
  - BigInt (5.0.0)
  - GenericJSON (2.0.1)
  - PromiseKit/CorePromise (6.15.3)
  - PromiseKit/Foundation (6.15.3):
    - PromiseKit/CorePromise
  - secp256k1.swift (0.1.4)
  - Torus-fetchNodeDetails (1.4.0):
    - PromiseKit/Foundation (~> 6.0)
    - web3.swift (~> 0.8.1)
  - web3.swift (0.8.1):
    - BigInt (~> 5.0.0)
    - GenericJSON (~> 2.0)
    - secp256k1.swift (~> 0.1)

DEPENDENCIES:
  - Torus-fetchNodeDetails (from `../`)

SPEC REPOS:
  trunk:
    - BigInt
    - GenericJSON
    - PromiseKit
    - secp256k1.swift
    - web3.swift

EXTERNAL SOURCES:
  Torus-fetchNodeDetails:
    :path: "../"

SPEC CHECKSUMS:
  BigInt: 74b4d88367b0e819d9f77393549226d36faeb0d8
  GenericJSON: a6e74e2c457f8693caab08e0eafde7d97e6666de
  PromiseKit: 3b2b6995e51a954c46dbc550ce3da44fbfb563c5
  secp256k1.swift: a7e7a214f6db6ce5db32cc6b2b45e5c4dd633634
  Torus-fetchNodeDetails: 6e3b30aa20777245ba6f157675f0df5344e25a73
  web3.swift: ce00a5e6e39fb184e33e3622e8be22ae53205e57

PODFILE CHECKSUM: 33add72342a492adb43676625c404c97ced731da

COCOAPODS: 1.11.2
